
Microsoft Visual Studio Solution File, Format Version 12.00
# Visual Studio Version 17
VisualStudioVersion = 17.1.31911.260
MinimumVisualStudioVersion = 10.0.40219.1
Project("{9A19103F-16F7-4668-BE54-9A1E7A4F7556}") = "TCNX", "TCNX.csproj", "{F8F4448F-EE50-43F7-8916-50A329B566F4}"
EndProject
Project("{FAE04EC0-301F-11D3-BF4B-00C04F79EFBC}") = "Admin", "..\Admin\Admin.csproj", "{BBD15DF7-8D87-468B-B07D-88A4E855E6AB}"
EndProject
Global
	GlobalSection(SolutionConfigurationPlatforms) = preSolution
		Debug|Any CPU = Debug|Any CPU
		Release|Any CPU = Release|Any CPU
	EndGlobalSection
	GlobalSection(ProjectConfigurationPlatforms) = postSolution
		{F8F4448F-EE50-43F7-8916-50A329B566F4}.Debug|Any CPU.ActiveCfg = Debug|Any CPU
		{F8F4448F-EE50-43F7-8916-50A329B566F4}.Debug|Any CPU.Build.0 = Debug|Any CPU
		{F8F4448F-EE50-43F7-8916-50A329B566F4}.Release|Any CPU.ActiveCfg = Release|Any CPU
		{F8F4448F-EE50-43F7-8916-50A329B566F4}.Release|Any CPU.Build.0 = Release|Any CPU
		{BBD15DF7-8D87-468B-B07D-88A4E855E6AB}.Debug|Any CPU.ActiveCfg = Debug|Any CPU
		{BBD15DF7-8D87-468B-B07D-88A4E855E6AB}.Debug|Any CPU.Build.0 = Debug|Any CPU
		{BBD15DF7-8D87-468B-B07D-88A4E855E6AB}.Release|Any CPU.ActiveCfg = Release|Any CPU
		{BBD15DF7-8D87-468B-B07D-88A4E855E6AB}.Release|Any CPU.Build.0 = Release|Any CPU
	EndGlobalSection
	GlobalSection(SolutionProperties) = preSolution
		HideSolutionNode = FALSE
	EndGlobalSection
	GlobalSection(ExtensibilityGlobals) = postSolution
		SolutionGuid = {D43F0543-D478-42CB-8D46-4777A1BAE4AE}
	EndGlobalSection
EndGlobal
